{
  "requires": true,
  "lockfileVersion": 1,
  "dependencies": {
    "vue": {
      "version": "2.6.14",
      "resolved": "https://registry.npmjs.org/vue/-/vue-2.6.14.tgz",
      "integrity": "sha512-x2284lgYvjOMj3Za7kqzRcUSxBboHqtgRE2zlos1qWaOye5yUmHn42LB1250NJBLRwEcdrB0JRwyPTEPhfQjiQ=="
    },
    "vue2-daterange-picker": {
      "version": "0.6.7",
      "resolved": "https://registry.npmjs.org/vue2-daterange-picker/-/vue2-daterange-picker-0.6.7.tgz",
      "integrity": "sha512-p8vMF4xvOCSAqdmQCaXOPNVIJE6Oi2vWsLfuqaRXwxFbqK5jU63pQEtCuW0XobSL5wJtomD0XvuumNeqTT7uHw==",
      "requires": {
        "vue": "^2.6.10"
      }
    }
  }
}
